
Microsoft Visual Studio Solution File, Format Version 12.00
# Visual Studio Version 17
VisualStudioVersion = 17.4.33110.190
MinimumVisualStudioVersion = 10.0.40219.1
Project("{FAE04EC0-301F-11D3-BF4B-00C04F79EFBC}") = "CityInfo.API", "CityInfo.API\CityInfo.API.csproj", "{4A85DB58-4F91-4843-B329-4AA6570305BA}"
EndProject
Global
	GlobalSection(SolutionConfigurationPlatforms) = preSolution
		Debug|Any CPU = Debug|Any CPU
		Release|Any CPU = Release|Any CPU
	EndGlobalSection
	GlobalSection(ProjectConfigurationPlatforms) = postSolution
		{4A85DB58-4F91-4843-B329-4AA6570305BA}.Debug|Any CPU.ActiveCfg = Debug|Any CPU
		{4A85DB58-4F91-4843-B329-4AA6570305BA}.Debug|Any CPU.Build.0 = Debug|Any CPU
		{4A85DB58-4F91-4843-B329-4AA6570305BA}.Release|Any CPU.ActiveCfg = Release|Any CPU
		{4A85DB58-4F91-4843-B329-4AA6570305BA}.Release|Any CPU.Build.0 = Release|Any CPU
	EndGlobalSection
	GlobalSection(SolutionProperties) = preSolution
		HideSolutionNode = FALSE
	EndGlobalSection
	GlobalSection(ExtensibilityGlobals) = postSolution
		SolutionGuid = {5BAA50F7-621C-4AFE-BCEA-46A5DCA2EF46}
	EndGlobalSection
EndGlobal
